
Microsoft Visual Studio Solution File, Format Version 12.00
# Visual Studio Version 16
VisualStudioVersion = 16.0.30114.105
MinimumVisualStudioVersion = 10.0.40219.1
Project("{FAE04EC0-301F-11D3-BF4B-00C04F79EFBC}") = "CarListAppForEmiratesAuction", "CarListAppForEmiratesAuction.csproj", "{3F78A8D9-0A01-4AC0-95A6-375B24FDAADB}"
EndProject
Global
	GlobalSection(SolutionConfigurationPlatforms) = preSolution
		Debug|Any CPU = Debug|Any CPU
		Release|Any CPU = Release|Any CPU
	EndGlobalSection
	GlobalSection(ProjectConfigurationPlatforms) = postSolution
		{3F78A8D9-0A01-4AC0-95A6-375B24FDAADB}.Debug|Any CPU.ActiveCfg = Debug|Any CPU
		{3F78A8D9-0A01-4AC0-95A6-375B24FDAADB}.Debug|Any CPU.Build.0 = Debug|Any CPU
		{3F78A8D9-0A01-4AC0-95A6-375B24FDAADB}.Release|Any CPU.ActiveCfg = Release|Any CPU
		{3F78A8D9-0A01-4AC0-95A6-375B24FDAADB}.Release|Any CPU.Build.0 = Release|Any CPU
	EndGlobalSection
	GlobalSection(SolutionProperties) = preSolution
		HideSolutionNode = FALSE
	EndGlobalSection
	GlobalSection(ExtensibilityGlobals) = postSolution
		SolutionGuid = {24FF9AFC-552D-4B5E-8DB2-264B18E1A335}
	EndGlobalSection
EndGlobal
